<?xml version="1.0" encoding="utf-8"?>
<Project ToolsVersion="4.0" xmlns="http://schemas.microsoft.com/developer/msbuild/2003">
  <ItemGroup>
    <Filter Include="Source Files">
      <UniqueIdentifier>{4FC737F1-C7A5-4376-A066-2A32D752A2FF}</UniqueIdentifier>
      <Extensions>cpp;c;cc;cxx;c++;cppm;ixx;def;odl;idl;hpj;bat;asm;asmx</Extensions>
    </Filter>
    <Filter Include="Header Files">
      <UniqueIdentifier>{93995380-89BD-4b04-88EB-625FBE52EBFB}</UniqueIdentifier>
      <Extensions>h;hh;hpp;hxx;h++;hm;inl;inc;ipp;xsd</Extensions>
    </Filter>
    <Filter Include="Resource Files">
      <UniqueIdentifier>{67DA6AB6-F800-4c08-8B7A-83BB121AAD01}</UniqueIdentifier>
      <Extensions>rc;ico;cur;bmp;dlg;rc2;rct;bin;rgs;gif;jpg;jpeg;jpe;resx;tiff;tif;png;wav;mfcribbon-ms</Extensions>
    </Filter>
  </ItemGroup>
  <ItemGroup>
    <ClInclude Include="..\MathToolbox\src\Math\calc.hpp">
      <Filter>Header Files</Filter>
    </ClInclude>
    <ClInclude Include="..\MathToolbox\src\Math\core.hpp">
      <Filter>Header Files</Filter>
    </ClInclude>
    <ClInclude Include="..\MathToolbox\src\Math\easing.hpp">
      <Filter>Header Files</Filter>
    </ClInclude>
    <ClInclude Include="..\MathToolbox\src\Math\math.hpp">
      <Filter>Header Files</Filter>
    </ClInclude>
    <ClInclude Include="..\MathToolbox\src\Math\matrix.hpp">
      <Filter>Header Files</Filter>
    </ClInclude>
    <ClInclude Include="..\MathToolbox\src\Math\matrix2.hpp">
      <Filter>Header Files</Filter>
    </ClInclude>
    <ClInclude Include="..\MathToolbox\src\Math\matrix3.hpp">
      <Filter>Header Files</Filter>
    </ClInclude>
    <ClInclude Include="..\MathToolbox\src\Math\quaternion.hpp">
      <Filter>Header Files</Filter>
    </ClInclude>
    <ClInclude Include="..\MathToolbox\src\Math\vector2.hpp">
      <Filter>Header Files</Filter>
    </ClInclude>
    <ClInclude Include="..\MathToolbox\src\Math\vector2i.hpp">
      <Filter>Header Files</Filter>
    </ClInclude>
    <ClInclude Include="..\MathToolbox\src\Math\vector3.hpp">
      <Filter>Header Files</Filter>
    </ClInclude>
    <ClInclude Include="..\MathToolbox\src\Math\vector4.hpp">
      <Filter>Header Files</Filter>
    </ClInclude>
    <ClInclude Include="externals\src\AL\al.h">
      <Filter>Header Files</Filter>
    </ClInclude>
    <ClInclude Include="externals\src\AL\alc.h">
      <Filter>Header Files</Filter>
    </ClInclude>
    <ClInclude Include="externals\src\AL\alext.h">
      <Filter>Header Files</Filter>
    </ClInclude>
    <ClInclude Include="externals\src\AL\efx-creative.h">
      <Filter>Header Files</Filter>
    </ClInclude>
    <ClInclude Include="externals\src\AL\efx-presets.h">
      <Filter>Header Files</Filter>
    </ClInclude>
    <ClInclude Include="externals\src\AL\efx.h">
      <Filter>Header Files</Filter>
    </ClInclude>
    <ClInclude Include="externals\src\freetype\config\ftconfig.h">
      <Filter>Header Files</Filter>
    </ClInclude>
    <ClInclude Include="externals\src\freetype\config\ftheader.h">
      <Filter>Header Files</Filter>
    </ClInclude>
    <ClInclude Include="externals\src\freetype\config\ftmodule.h">
      <Filter>Header Files</Filter>
    </ClInclude>
    <ClInclude Include="externals\src\freetype\config\ftoption.h">
      <Filter>Header Files</Filter>
    </ClInclude>
    <ClInclude Include="externals\src\freetype\config\ftstdlib.h">
      <Filter>Header Files</Filter>
    </ClInclude>
    <ClInclude Include="externals\src\freetype\config\integer-types.h">
      <Filter>Header Files</Filter>
    </ClInclude>
    <ClInclude Include="externals\src\freetype\config\mac-support.h">
      <Filter>Header Files</Filter>
    </ClInclude>
    <ClInclude Include="externals\src\freetype\config\public-macros.h">
      <Filter>Header Files</Filter>
    </ClInclude>
    <ClInclude Include="externals\src\freetype\freetype.h">
      <Filter>Header Files</Filter>
    </ClInclude>
    <ClInclude Include="externals\src\freetype\ftadvanc.h">
      <Filter>Header Files</Filter>
    </ClInclude>
    <ClInclude Include="externals\src\freetype\ftbbox.h">
      <Filter>Header Files</Filter>
    </ClInclude>
    <ClInclude Include="externals\src\freetype\ftbdf.h">
      <Filter>Header Files</Filter>
    </ClInclude>
    <ClInclude Include="externals\src\freetype\ftbitmap.h">
      <Filter>Header Files</Filter>
    </ClInclude>
    <ClInclude Include="externals\src\freetype\ftbzip2.h">
      <Filter>Header Files</Filter>
    </ClInclude>
    <ClInclude Include="externals\src\freetype\ftcache.h">
      <Filter>Header Files</Filter>
    </ClInclude>
    <ClInclude Include="externals\src\freetype\ftchapters.h">
      <Filter>Header Files</Filter>
    </ClInclude>
    <ClInclude Include="externals\src\freetype\ftcid.h">
      <Filter>Header Files</Filter>
    </ClInclude>
    <ClInclude Include="externals\src\freetype\ftcolor.h">
      <Filter>Header Files</Filter>
    </ClInclude>
    <ClInclude Include="externals\src\freetype\ftdriver.h">
      <Filter>Header Files</Filter>
    </ClInclude>
    <ClInclude Include="externals\src\freetype\fterrdef.h">
      <Filter>Header Files</Filter>
    </ClInclude>
    <ClInclude Include="externals\src\freetype\fterrors.h">
      <Filter>Header Files</Filter>
    </ClInclude>
    <ClInclude Include="externals\src\freetype\ftfntfmt.h">
      <Filter>Header Files</Filter>
    </ClInclude>
    <ClInclude Include="externals\src\freetype\ftgasp.h">
      <Filter>Header Files</Filter>
    </ClInclude>
    <ClInclude Include="externals\src\freetype\ftglyph.h">
      <Filter>Header Files</Filter>
    </ClInclude>
    <ClInclude Include="externals\src\freetype\ftgxval.h">
      <Filter>Header Files</Filter>
    </ClInclude>
    <ClInclude Include="externals\src\freetype\ftgzip.h">
      <Filter>Header Files</Filter>
    </ClInclude>
    <ClInclude Include="externals\src\freetype\ftimage.h">
      <Filter>Header Files</Filter>
    </ClInclude>
    <ClInclude Include="externals\src\freetype\ftincrem.h">
      <Filter>Header Files</Filter>
    </ClInclude>
    <ClInclude Include="externals\src\freetype\ftlcdfil.h">
      <Filter>Header Files</Filter>
    </ClInclude>
    <ClInclude Include="externals\src\freetype\ftlist.h">
      <Filter>Header Files</Filter>
    </ClInclude>
    <ClInclude Include="externals\src\freetype\ftlogging.h">
      <Filter>Header Files</Filter>
    </ClInclude>
    <ClInclude Include="externals\src\freetype\ftlzw.h">
      <Filter>Header Files</Filter>
    </ClInclude>
    <ClInclude Include="externals\src\freetype\ftmac.h">
      <Filter>Header Files</Filter>
    </ClInclude>
    <ClInclude Include="externals\src\freetype\ftmm.h">
      <Filter>Header Files</Filter>
    </ClInclude>
    <ClInclude Include="externals\src\freetype\ftmodapi.h">
      <Filter>Header Files</Filter>
    </ClInclude>
    <ClInclude Include="externals\src\freetype\ftmoderr.h">
      <Filter>Header Files</Filter>
    </ClInclude>
    <ClInclude Include="externals\src\freetype\ftotval.h">
      <Filter>Header Files</Filter>
    </ClInclude>
    <ClInclude Include="externals\src\freetype\ftoutln.h">
      <Filter>Header Files</Filter>
    </ClInclude>
    <ClInclude Include="externals\src\freetype\ftparams.h">
      <Filter>Header Files</Filter>
    </ClInclude>
    <ClInclude Include="externals\src\freetype\ftpfr.h">
      <Filter>Header Files</Filter>
    </ClInclude>
    <ClInclude Include="externals\src\freetype\ftrender.h">
      <Filter>Header Files</Filter>
    </ClInclude>
    <ClInclude Include="externals\src\freetype\ftsizes.h">
      <Filter>Header Files</Filter>
    </ClInclude>
    <ClInclude Include="externals\src\freetype\ftsnames.h">
      <Filter>Header Files</Filter>
    </ClInclude>
    <ClInclude Include="externals\src\freetype\ftstroke.h">
      <Filter>Header Files</Filter>
    </ClInclude>
    <ClInclude Include="externals\src\freetype\ftsynth.h">
      <Filter>Header Files</Filter>
    </ClInclude>
    <ClInclude Include="externals\src\freetype\ftsystem.h">
      <Filter>Header Files</Filter>
    </ClInclude>
    <ClInclude Include="externals\src\freetype\fttrigon.h">
      <Filter>Header Files</Filter>
    </ClInclude>
    <ClInclude Include="externals\src\freetype\fttypes.h">
      <Filter>Header Files</Filter>
    </ClInclude>
    <ClInclude Include="externals\src\freetype\ftwinfnt.h">
      <Filter>Header Files</Filter>
    </ClInclude>
    <ClInclude Include="externals\src\freetype\otsvg.h">
      <Filter>Header Files</Filter>
    </ClInclude>
    <ClInclude Include="externals\src\freetype\t1tables.h">
      <Filter>Header Files</Filter>
    </ClInclude>
    <ClInclude Include="externals\src\freetype\ttnameid.h">
      <Filter>Header Files</Filter>
    </ClInclude>
    <ClInclude Include="externals\src\freetype\tttables.h">
      <Filter>Header Files</Filter>
    </ClInclude>
    <ClInclude Include="externals\src\freetype\tttags.h">
      <Filter>Header Files</Filter>
    </ClInclude>
    <ClInclude Include="externals\src\ft2build.h">
      <Filter>Header Files</Filter>
    </ClInclude>
    <ClInclude Include="externals\src\glad\glad.h">
      <Filter>Header Files</Filter>
    </ClInclude>
    <ClInclude Include="externals\src\ImGui\imconfig.h">
      <Filter>Header Files</Filter>
    </ClInclude>
    <ClInclude Include="externals\src\ImGui\imgui.h">
      <Filter>Header Files</Filter>
    </ClInclude>
    <ClInclude Include="externals\src\ImGui\imgui_impl_opengl3.h">
      <Filter>Header Files</Filter>
    </ClInclude>
    <ClInclude Include="externals\src\ImGui\imgui_impl_opengl3_loader.h">
      <Filter>Header Files</Filter>
    </ClInclude>
    <ClInclude Include="externals\src\ImGui\imgui_internal.h">
      <Filter>Header Files</Filter>
    </ClInclude>
    <ClInclude Include="externals\src\ImGui\imgui_stdlib.h">
      <Filter>Header Files</Filter>
    </ClInclude>
    <ClInclude Include="externals\src\ImGui\imstb_rectpack.h">
      <Filter>Header Files</Filter>
    </ClInclude>
    <ClInclude Include="externals\src\ImGui\imstb_textedit.h">
      <Filter>Header Files</Filter>
    </ClInclude>
    <ClInclude Include="externals\src\ImGui\imstb_truetype.h">
      <Filter>Header Files</Filter>
    </ClInclude>
    <ClInclude Include="externals\src\KHR\khrplatform.h">
      <Filter>Header Files</Filter>
    </ClInclude>
    <ClInclude Include="externals\src\magic_enum\magic_enum.hpp">
      <Filter>Header Files</Filter>
    </ClInclude>
    <ClInclude Include="externals\src\magic_enum\magic_enum_all.hpp">
      <Filter>Header Files</Filter>
    </ClInclude>
    <ClInclude Include="externals\src\magic_enum\magic_enum_containers.hpp">
      <Filter>Header Files</Filter>
    </ClInclude>
    <ClInclude Include="externals\src\magic_enum\magic_enum_flags.hpp">
      <Filter>Header Files</Filter>
    </ClInclude>
    <ClInclude Include="externals\src\magic_enum\magic_enum_format.hpp">
      <Filter>Header Files</Filter>
    </ClInclude>
    <ClInclude Include="externals\src\magic_enum\magic_enum_fuse.hpp">
      <Filter>Header Files</Filter>
    </ClInclude>
    <ClInclude Include="externals\src\magic_enum\magic_enum_iostream.hpp">
      <Filter>Header Files</Filter>
    </ClInclude>
    <ClInclude Include="externals\src\magic_enum\magic_enum_switch.hpp">
      <Filter>Header Files</Filter>
    </ClInclude>
    <ClInclude Include="externals\src\magic_enum\magic_enum_utility.hpp">
      <Filter>Header Files</Filter>
    </ClInclude>
    <ClInclude Include="externals\src\minimp3.h">
      <Filter>Header Files</Filter>
    </ClInclude>
    <ClInclude Include="externals\src\minimp3_ex.h">
      <Filter>Header Files</Filter>
    </ClInclude>
    <ClInclude Include="externals\src\RapidXML\rapidxml.hpp">
      <Filter>Header Files</Filter>
    </ClInclude>
    <ClInclude Include="externals\src\RapidXML\RapidXMLSTD.hpp">
      <Filter>Header Files</Filter>
    </ClInclude>
    <ClInclude Include="externals\src\RapidXML\rapidxml_iterators.hpp">
      <Filter>Header Files</Filter>
    </ClInclude>
    <ClInclude Include="externals\src\RapidXML\rapidxml_print.hpp">
      <Filter>Header Files</Filter>
    </ClInclude>
    <ClInclude Include="externals\src\RapidXML\rapidxml_utils.hpp">
      <Filter>Header Files</Filter>
    </ClInclude>
    <ClInclude Include="externals\src\stb_image.h">
      <Filter>Header Files</Filter>
    </ClInclude>
    <ClInclude Include="externals\src\stb_vorbis.h">
      <Filter>Header Files</Filter>
    </ClInclude>
    <ClInclude Include="src\Mountain\Audio\Audio.hpp">
      <Filter>Header Files</Filter>
    </ClInclude>
    <ClInclude Include="src\Mountain\Audio\AudioBuffer.hpp">
      <Filter>Header Files</Filter>
    </ClInclude>
    <ClInclude Include="src\Mountain\Audio\AudioContext.hpp">
      <Filter>Header Files</Filter>
    </ClInclude>
    <ClInclude Include="src\Mountain\Audio\AudioDevice.hpp">
      <Filter>Header Files</Filter>
    </ClInclude>
    <ClInclude Include="src\Mountain\BinaryResources\embedded_resources\resource_10604039599264331763.hpp">
      <Filter>Header Files</Filter>
    </ClInclude>
    <ClInclude Include="src\Mountain\BinaryResources\embedded_resources\resource_11431338934652808651.hpp">
      <Filter>Header Files</Filter>
    </ClInclude>
    <ClInclude Include="src\Mountain\BinaryResources\embedded_resources\resource_11774202807359543870.hpp">
      <Filter>Header Files</Filter>
    </ClInclude>
    <ClInclude Include="src\Mountain\BinaryResources\embedded_resources\resource_11952871429675989627.hpp">
      <Filter>Header Files</Filter>
    </ClInclude>
    <ClInclude Include="src\Mountain\BinaryResources\embedded_resources\resource_12442680368039291515.hpp">
      <Filter>Header Files</Filter>
    </ClInclude>
    <ClInclude Include="src\Mountain\BinaryResources\embedded_resources\resource_13070826838953012323.hpp">
      <Filter>Header Files</Filter>
    </ClInclude>
    <ClInclude Include="src\Mountain\BinaryResources\embedded_resources\resource_13177006652388307822.hpp">
      <Filter>Header Files</Filter>
    </ClInclude>
    <ClInclude Include="src\Mountain\BinaryResources\embedded_resources\resource_14338357782030755284.hpp">
      <Filter>Header Files</Filter>
    </ClInclude>
    <ClInclude Include="src\Mountain\BinaryResources\embedded_resources\resource_14381367057370009788.hpp">
      <Filter>Header Files</Filter>
    </ClInclude>
    <ClInclude Include="src\Mountain\BinaryResources\embedded_resources\resource_1453103019202383270.hpp">
      <Filter>Header Files</Filter>
    </ClInclude>
    <ClInclude Include="src\Mountain\BinaryResources\embedded_resources\resource_15258004472844539140.hpp">
      <Filter>Header Files</Filter>
    </ClInclude>
    <ClInclude Include="src\Mountain\BinaryResources\embedded_resources\resource_15961880810884371948.hpp">
      <Filter>Header Files</Filter>
    </ClInclude>
    <ClInclude Include="src\Mountain\BinaryResources\embedded_resources\resource_16311089013737800627.hpp">
      <Filter>Header Files</Filter>
    </ClInclude>
    <ClInclude Include="src\Mountain\BinaryResources\embedded_resources\resource_16451689749247673836.hpp">
      <Filter>Header Files</Filter>
    </ClInclude>
    <ClInclude Include="src\Mountain\BinaryResources\embedded_resources\resource_1659229443278887099.hpp">
      <Filter>Header Files</Filter>
    </ClInclude>
    <ClInclude Include="src\Mountain\BinaryResources\embedded_resources\resource_1682259173912325418.hpp">
      <Filter>Header Files</Filter>
    </ClInclude>
    <ClInclude Include="src\Mountain\BinaryResources\embedded_resources\resource_17163117651341958810.hpp">
      <Filter>Header Files</Filter>
    </ClInclude>
    <ClInclude Include="src\Mountain\BinaryResources\embedded_resources\resource_17404448839198764618.hpp">
      <Filter>Header Files</Filter>
    </ClInclude>
    <ClInclude Include="src\Mountain\BinaryResources\embedded_resources\resource_17880426697011385839.hpp">
      <Filter>Header Files</Filter>
    </ClInclude>
    <ClInclude Include="src\Mountain\BinaryResources\embedded_resources\resource_18011218881129316092.hpp">
      <Filter>Header Files</Filter>
    </ClInclude>
    <ClInclude Include="src\Mountain\BinaryResources\embedded_resources\resource_310597202658876699.hpp">
      <Filter>Header Files</Filter>
    </ClInclude>
    <ClInclude Include="src\Mountain\BinaryResources\embedded_resources\resource_3126981312599726777.hpp">
      <Filter>Header Files</Filter>
    </ClInclude>
    <ClInclude Include="src\Mountain\BinaryResources\embedded_resources\resource_4319606583867259020.hpp">
      <Filter>Header Files</Filter>
    </ClInclude>
    <ClInclude Include="src\Mountain\BinaryResources\embedded_resources\resource_5284316122615694636.hpp">
      <Filter>Header Files</Filter>
    </ClInclude>
    <ClInclude Include="src\Mountain\BinaryResources\embedded_resources\resource_5513601353699197311.hpp">
      <Filter>Header Files</Filter>
    </ClInclude>
    <ClInclude Include="src\Mountain\BinaryResources\embedded_resources\resource_6180361286818081308.hpp">
      <Filter>Header Files</Filter>
    </ClInclude>
    <ClInclude Include="src\Mountain\BinaryResources\embedded_resources\resource_6423258116736183732.hpp">
      <Filter>Header Files</Filter>
    </ClInclude>
    <ClInclude Include="src\Mountain\BinaryResources\embedded_resources\resource_6733528840531529029.hpp">
      <Filter>Header Files</Filter>
    </ClInclude>
    <ClInclude Include="src\Mountain\BinaryResources\embedded_resources\resource_6826460111274356971.hpp">
      <Filter>Header Files</Filter>
    </ClInclude>
    <ClInclude Include="src\Mountain\BinaryResources\embedded_resources\resource_7556603881106790027.hpp">
      <Filter>Header Files</Filter>
    </ClInclude>
    <ClInclude Include="src\Mountain\BinaryResources\embedded_resources\resource_7736256087137476443.hpp">
      <Filter>Header Files</Filter>
    </ClInclude>
    <ClInclude Include="src\Mountain\BinaryResources\embedded_resources\resource_908422867440665036.hpp">
      <Filter>Header Files</Filter>
    </ClInclude>
    <ClInclude Include="src\Mountain\BinaryResources\embedded_resources\resource_9508759643910089710.hpp">
      <Filter>Header Files</Filter>
    </ClInclude>
    <ClInclude Include="src\Mountain\BinaryResources\embedded_resources\resource_9550955058371070276.hpp">
      <Filter>Header Files</Filter>
    </ClInclude>
    <ClInclude Include="src\Mountain\BinaryResources\embedded_resources\resource_9582143994837232440.hpp">
      <Filter>Header Files</Filter>
    </ClInclude>
    <ClInclude Include="src\Mountain\BinaryResources\resource.hpp">
      <Filter>Header Files</Filter>
    </ClInclude>
    <ClInclude Include="src\Mountain\BinaryResources\resource_holder.hpp">
      <Filter>Header Files</Filter>
    </ClInclude>
    <ClInclude Include="src\Mountain\BinaryResources\span.hpp">
      <Filter>Header Files</Filter>
    </ClInclude>
    <ClInclude Include="src\Mountain\Collision\Circle.hpp">
      <Filter>Header Files</Filter>
    </ClInclude>
    <ClInclude Include="src\Mountain\Collision\Collider.hpp">
      <Filter>Header Files</Filter>
    </ClInclude>
    <ClInclude Include="src\Mountain\Collision\ColliderList.hpp">
      <Filter>Header Files</Filter>
    </ClInclude>
    <ClInclude Include="src\Mountain\Collision\Collision.hpp">
      <Filter>Header Files</Filter>
    </ClInclude>
    <ClInclude Include="src\Mountain\Collision\Grid.hpp">
      <Filter>Header Files</Filter>
    </ClInclude>
    <ClInclude Include="src\Mountain\Collision\Hitbox.hpp">
      <Filter>Header Files</Filter>
    </ClInclude>
    <ClInclude Include="src\Mountain\Containers\List.hpp">
      <Filter>Header Files</Filter>
    </ClInclude>
    <ClInclude Include="src\Mountain\Core.hpp">
      <Filter>Header Files</Filter>
    </ClInclude>
    <ClInclude Include="src\Mountain\Exceptions\ArgumentException.hpp">
      <Filter>Header Files</Filter>
    </ClInclude>
    <ClInclude Include="src\Mountain\Exceptions\Exception.hpp">
      <Filter>Header Files</Filter>
    </ClInclude>
    <ClInclude Include="src\Mountain\Exceptions\ThrowHelper.hpp">
      <Filter>Header Files</Filter>
    </ClInclude>
    <ClInclude Include="src\Mountain\FileSystem\Directory.hpp">
      <Filter>Header Files</Filter>
    </ClInclude>
    <ClInclude Include="src\Mountain\FileSystem\Entry.hpp">
      <Filter>Header Files</Filter>
    </ClInclude>
    <ClInclude Include="src\Mountain\FileSystem\File.hpp">
      <Filter>Header Files</Filter>
    </ClInclude>
    <ClInclude Include="src\Mountain\FileSystem\FileManager.hpp">
      <Filter>Header Files</Filter>
    </ClInclude>
    <ClInclude Include="src\Mountain\Game.hpp">
      <Filter>Header Files</Filter>
    </ClInclude>
    <ClInclude Include="src\Mountain\Globals.hpp">
      <Filter>Header Files</Filter>
    </ClInclude>
    <ClInclude Include="src\Mountain\Input\GamepadInput.hpp">
      <Filter>Header Files</Filter>
    </ClInclude>
    <ClInclude Include="src\Mountain\Input\Input.hpp">
      <Filter>Header Files</Filter>
    </ClInclude>
    <ClInclude Include="src\Mountain\Input\KeyboardInput.hpp">
      <Filter>Header Files</Filter>
    </ClInclude>
    <ClInclude Include="src\Mountain\Input\MouseInput.hpp">
      <Filter>Header Files</Filter>
    </ClInclude>
    <ClInclude Include="src\Mountain\Input\Time.hpp">
      <Filter>Header Files</Filter>
    </ClInclude>
    <ClInclude Include="src\Mountain\Rendering\Draw.hpp">
      <Filter>Header Files</Filter>
    </ClInclude>
    <ClInclude Include="src\Mountain\Rendering\Effect.hpp">
      <Filter>Header Files</Filter>
    </ClInclude>
    <ClInclude Include="src\Mountain\Rendering\GpuBuffer.hpp">
      <Filter>Header Files</Filter>
    </ClInclude>
    <ClInclude Include="src\Mountain\Rendering\GpuTexture.hpp">
      <Filter>Header Files</Filter>
    </ClInclude>
    <ClInclude Include="src\Mountain\Rendering\GpuVertexArray.hpp">
      <Filter>Header Files</Filter>
    </ClInclude>
    <ClInclude Include="src\Mountain\Rendering\Graphics.hpp">
      <Filter>Header Files</Filter>
    </ClInclude>
    <ClInclude Include="src\Mountain\Rendering\LightSource.hpp">
      <Filter>Header Files</Filter>
    </ClInclude>
    <ClInclude Include="src\Mountain\Rendering\ParticleSystem.hpp">
      <Filter>Header Files</Filter>
    </ClInclude>
    <ClInclude Include="src\Mountain\Rendering\ParticleSystemModules.hpp">
      <Filter>Header Files</Filter>
    </ClInclude>
    <ClInclude Include="src\Mountain\Rendering\Renderer.hpp">
      <Filter>Header Files</Filter>
    </ClInclude>
    <ClInclude Include="src\Mountain\Rendering\RenderTarget.hpp">
      <Filter>Header Files</Filter>
    </ClInclude>
    <ClInclude Include="src\Mountain\Resource\AudioTrack.hpp">
      <Filter>Header Files</Filter>
    </ClInclude>
    <ClInclude Include="src\Mountain\Resource\ComputeShader.hpp">
      <Filter>Header Files</Filter>
    </ClInclude>
    <ClInclude Include="src\Mountain\Resource\Font.hpp">
      <Filter>Header Files</Filter>
    </ClInclude>
    <ClInclude Include="src\Mountain\Resource\Resource.hpp">
      <Filter>Header Files</Filter>
    </ClInclude>
    <ClInclude Include="src\Mountain\Resource\ResourceManager.hpp">
      <Filter>Header Files</Filter>
    </ClInclude>
    <ClInclude Include="src\Mountain\Resource\Shader.hpp">
      <Filter>Header Files</Filter>
    </ClInclude>
    <ClInclude Include="src\Mountain\Resource\ShaderBase.hpp">
      <Filter>Header Files</Filter>
    </ClInclude>
    <ClInclude Include="src\Mountain\Resource\Texture.hpp">
      <Filter>Header Files</Filter>
    </ClInclude>
    <ClInclude Include="src\Mountain\Ecs\Component\AudioListener.hpp">
      <Filter>Header Files</Filter>
    </ClInclude>
    <ClInclude Include="src\Mountain\Ecs\Component\AudioSource.hpp">
      <Filter>Header Files</Filter>
    </ClInclude>
    <ClInclude Include="src\Mountain\Ecs\Component\Component.hpp">
      <Filter>Header Files</Filter>
    </ClInclude>
    <ClInclude Include="src\Mountain\Ecs\Component\Sprite.hpp">
      <Filter>Header Files</Filter>
    </ClInclude>
    <ClInclude Include="src\Mountain\Ecs\Component\StateMachine.hpp">
      <Filter>Header Files</Filter>
    </ClInclude>
    <ClInclude Include="src\Mountain\Ecs\Entity.hpp">
      <Filter>Header Files</Filter>
    </ClInclude>
    <ClInclude Include="src\Mountain\Screen.hpp">
      <Filter>Header Files</Filter>
    </ClInclude>
    <ClInclude Include="src\Mountain\Utils\Color.hpp">
      <Filter>Header Files</Filter>
    </ClInclude>
    <ClInclude Include="src\Mountain\Utils\Coroutine.hpp">
      <Filter>Header Files</Filter>
    </ClInclude>
    <ClInclude Include="src\Mountain\Utils\Event.hpp">
      <Filter>Header Files</Filter>
    </ClInclude>
    <ClInclude Include="src\Mountain\Utils\FileSystemWatcher.hpp">
      <Filter>Header Files</Filter>
    </ClInclude>
    <ClInclude Include="src\Mountain\Utils\Formatter.hpp">
      <Filter>Header Files</Filter>
    </ClInclude>
    <ClInclude Include="src\Mountain\Utils\Guid.hpp">
      <Filter>Header Files</Filter>
    </ClInclude>
    <ClInclude Include="src\Mountain\Utils\ImGuiUtils.hpp">
      <Filter>Header Files</Filter>
    </ClInclude>
    <ClInclude Include="src\Mountain\Utils\Logger.hpp">
      <Filter>Header Files</Filter>
    </ClInclude>
    <ClInclude Include="src\Mountain\Utils\MessageBox.hpp">
      <Filter>Header Files</Filter>
    </ClInclude>
    <ClInclude Include="src\Mountain\Utils\MetaProgramming.hpp">
      <Filter>Header Files</Filter>
    </ClInclude>
    <ClInclude Include="src\Mountain\Utils\Pointer.hpp">
      <Filter>Header Files</Filter>
    </ClInclude>
    <ClInclude Include="src\Mountain\Utils\Random.hpp">
      <Filter>Header Files</Filter>
    </ClInclude>
    <ClInclude Include="src\Mountain\Utils\Rectangle.hpp">
      <Filter>Header Files</Filter>
    </ClInclude>
    <ClInclude Include="src\Mountain\Utils\ReferenceCounter.hpp">
      <Filter>Header Files</Filter>
    </ClInclude>
    <ClInclude Include="src\Mountain\Utils\RunLengthEncoding.hpp">
      <Filter>Header Files</Filter>
    </ClInclude>
    <ClInclude Include="src\Mountain\Utils\Stopwatch.hpp">
      <Filter>Header Files</Filter>
    </ClInclude>
    <ClInclude Include="src\Mountain\Utils\TimeSpan.hpp">
      <Filter>Header Files</Filter>
    </ClInclude>
    <ClInclude Include="src\Mountain\Utils\TsQueue.hpp">
      <Filter>Header Files</Filter>
    </ClInclude>
    <ClInclude Include="src\Mountain\Utils\Utils.hpp">
      <Filter>Header Files</Filter>
    </ClInclude>
    <ClInclude Include="src\Mountain\Utils\Windows.hpp">
      <Filter>Header Files</Filter>
    </ClInclude>
    <ClInclude Include="src\Mountain\Window.hpp">
      <Filter>Header Files</Filter>
    </ClInclude>
    <ClInclude Include="externals\src\ImGui\imgui_impl_sdl3.h">
      <Filter>Header Files</Filter>
    </ClInclude>
    <ClInclude Include="externals\src\mimalloc-new-delete.h">
      <Filter>Header Files</Filter>
    </ClInclude>
    <ClInclude Include="externals\src\mimalloc-override.h">
      <Filter>Header Files</Filter>
    </ClInclude>
    <ClInclude Include="externals\src\mimalloc-stats.h">
      <Filter>Header Files</Filter>
    </ClInclude>
    <ClInclude Include="externals\src\mimalloc.h">
      <Filter>Header Files</Filter>
    </ClInclude>
    <ClInclude Include="externals\src\mimalloc\atomic.h">
      <Filter>Header Files</Filter>
    </ClInclude>
    <ClInclude Include="externals\src\mimalloc\internal.h">
      <Filter>Header Files</Filter>
    </ClInclude>
    <ClInclude Include="externals\src\mimalloc\prim.h">
      <Filter>Header Files</Filter>
    </ClInclude>
    <ClInclude Include="externals\src\mimalloc\track.h">
      <Filter>Header Files</Filter>
    </ClInclude>
    <ClInclude Include="externals\src\mimalloc\types.h">
      <Filter>Header Files</Filter>
    </ClInclude>
    <ClInclude Include="externals\src\SDL3\SDL.h">
      <Filter>Header Files</Filter>
    </ClInclude>
    <ClInclude Include="externals\src\SDL3\SDL_assert.h">
      <Filter>Header Files</Filter>
    </ClInclude>
    <ClInclude Include="externals\src\SDL3\SDL_asyncio.h">
      <Filter>Header Files</Filter>
    </ClInclude>
    <ClInclude Include="externals\src\SDL3\SDL_atomic.h">
      <Filter>Header Files</Filter>
    </ClInclude>
    <ClInclude Include="externals\src\SDL3\SDL_audio.h">
      <Filter>Header Files</Filter>
    </ClInclude>
    <ClInclude Include="externals\src\SDL3\SDL_begin_code.h">
      <Filter>Header Files</Filter>
    </ClInclude>
    <ClInclude Include="externals\src\SDL3\SDL_bits.h">
      <Filter>Header Files</Filter>
    </ClInclude>
    <ClInclude Include="externals\src\SDL3\SDL_blendmode.h">
      <Filter>Header Files</Filter>
    </ClInclude>
    <ClInclude Include="externals\src\SDL3\SDL_camera.h">
      <Filter>Header Files</Filter>
    </ClInclude>
    <ClInclude Include="externals\src\SDL3\SDL_clipboard.h">
      <Filter>Header Files</Filter>
    </ClInclude>
    <ClInclude Include="externals\src\SDL3\SDL_close_code.h">
      <Filter>Header Files</Filter>
    </ClInclude>
    <ClInclude Include="externals\src\SDL3\SDL_copying.h">
      <Filter>Header Files</Filter>
    </ClInclude>
    <ClInclude Include="externals\src\SDL3\SDL_cpuinfo.h">
      <Filter>Header Files</Filter>
    </ClInclude>
    <ClInclude Include="externals\src\SDL3\SDL_dialog.h">
      <Filter>Header Files</Filter>
    </ClInclude>
    <ClInclude Include="externals\src\SDL3\SDL_egl.h">
      <Filter>Header Files</Filter>
    </ClInclude>
    <ClInclude Include="externals\src\SDL3\SDL_endian.h">
      <Filter>Header Files</Filter>
    </ClInclude>
    <ClInclude Include="externals\src\SDL3\SDL_error.h">
      <Filter>Header Files</Filter>
    </ClInclude>
    <ClInclude Include="externals\src\SDL3\SDL_events.h">
      <Filter>Header Files</Filter>
    </ClInclude>
    <ClInclude Include="externals\src\SDL3\SDL_filesystem.h">
      <Filter>Header Files</Filter>
    </ClInclude>
    <ClInclude Include="externals\src\SDL3\SDL_gamepad.h">
      <Filter>Header Files</Filter>
    </ClInclude>
    <ClInclude Include="externals\src\SDL3\SDL_gpu.h">
      <Filter>Header Files</Filter>
    </ClInclude>
    <ClInclude Include="externals\src\SDL3\SDL_guid.h">
      <Filter>Header Files</Filter>
    </ClInclude>
    <ClInclude Include="externals\src\SDL3\SDL_haptic.h">
      <Filter>Header Files</Filter>
    </ClInclude>
    <ClInclude Include="externals\src\SDL3\SDL_hidapi.h">
      <Filter>Header Files</Filter>
    </ClInclude>
    <ClInclude Include="externals\src\SDL3\SDL_hints.h">
      <Filter>Header Files</Filter>
    </ClInclude>
    <ClInclude Include="externals\src\SDL3\SDL_init.h">
      <Filter>Header Files</Filter>
    </ClInclude>
    <ClInclude Include="externals\src\SDL3\SDL_intrin.h">
      <Filter>Header Files</Filter>
    </ClInclude>
    <ClInclude Include="externals\src\SDL3\SDL_iostream.h">
      <Filter>Header Files</Filter>
    </ClInclude>
    <ClInclude Include="externals\src\SDL3\SDL_joystick.h">
      <Filter>Header Files</Filter>
    </ClInclude>
    <ClInclude Include="externals\src\SDL3\SDL_keyboard.h">
      <Filter>Header Files</Filter>
    </ClInclude>
    <ClInclude Include="externals\src\SDL3\SDL_keycode.h">
      <Filter>Header Files</Filter>
    </ClInclude>
    <ClInclude Include="externals\src\SDL3\SDL_loadso.h">
      <Filter>Header Files</Filter>
    </ClInclude>
    <ClInclude Include="externals\src\SDL3\SDL_locale.h">
      <Filter>Header Files</Filter>
    </ClInclude>
    <ClInclude Include="externals\src\SDL3\SDL_log.h">
      <Filter>Header Files</Filter>
    </ClInclude>
    <ClInclude Include="externals\src\SDL3\SDL_main.h">
      <Filter>Header Files</Filter>
    </ClInclude>
    <ClInclude Include="externals\src\SDL3\SDL_main_impl.h">
      <Filter>Header Files</Filter>
    </ClInclude>
    <ClInclude Include="externals\src\SDL3\SDL_messagebox.h">
      <Filter>Header Files</Filter>
    </ClInclude>
    <ClInclude Include="externals\src\SDL3\SDL_metal.h">
      <Filter>Header Files</Filter>
    </ClInclude>
    <ClInclude Include="externals\src\SDL3\SDL_misc.h">
      <Filter>Header Files</Filter>
    </ClInclude>
    <ClInclude Include="externals\src\SDL3\SDL_mouse.h">
      <Filter>Header Files</Filter>
    </ClInclude>
    <ClInclude Include="externals\src\SDL3\SDL_mutex.h">
      <Filter>Header Files</Filter>
    </ClInclude>
    <ClInclude Include="externals\src\SDL3\SDL_oldnames.h">
      <Filter>Header Files</Filter>
    </ClInclude>
    <ClInclude Include="externals\src\SDL3\SDL_opengl.h">
      <Filter>Header Files</Filter>
    </ClInclude>
    <ClInclude Include="externals\src\SDL3\SDL_opengles.h">
      <Filter>Header Files</Filter>
    </ClInclude>
    <ClInclude Include="externals\src\SDL3\SDL_opengles2.h">
      <Filter>Header Files</Filter>
    </ClInclude>
    <ClInclude Include="externals\src\SDL3\SDL_opengles2_gl2.h">
      <Filter>Header Files</Filter>
    </ClInclude>
    <ClInclude Include="externals\src\SDL3\SDL_opengles2_gl2ext.h">
      <Filter>Header Files</Filter>
    </ClInclude>
    <ClInclude Include="externals\src\SDL3\SDL_opengles2_gl2platform.h">
      <Filter>Header Files</Filter>
    </ClInclude>
    <ClInclude Include="externals\src\SDL3\SDL_opengles2_khrplatform.h">
      <Filter>Header Files</Filter>
    </ClInclude>
    <ClInclude Include="externals\src\SDL3\SDL_opengl_glext.h">
      <Filter>Header Files</Filter>
    </ClInclude>
    <ClInclude Include="externals\src\SDL3\SDL_pen.h">
      <Filter>Header Files</Filter>
    </ClInclude>
    <ClInclude Include="externals\src\SDL3\SDL_pixels.h">
      <Filter>Header Files</Filter>
    </ClInclude>
    <ClInclude Include="externals\src\SDL3\SDL_platform.h">
      <Filter>Header Files</Filter>
    </ClInclude>
    <ClInclude Include="externals\src\SDL3\SDL_platform_defines.h">
      <Filter>Header Files</Filter>
    </ClInclude>
    <ClInclude Include="externals\src\SDL3\SDL_power.h">
      <Filter>Header Files</Filter>
    </ClInclude>
    <ClInclude Include="externals\src\SDL3\SDL_process.h">
      <Filter>Header Files</Filter>
    </ClInclude>
    <ClInclude Include="externals\src\SDL3\SDL_properties.h">
      <Filter>Header Files</Filter>
    </ClInclude>
    <ClInclude Include="externals\src\SDL3\SDL_rect.h">
      <Filter>Header Files</Filter>
    </ClInclude>
    <ClInclude Include="externals\src\SDL3\SDL_render.h">
      <Filter>Header Files</Filter>
    </ClInclude>
    <ClInclude Include="externals\src\SDL3\SDL_revision.h">
      <Filter>Header Files</Filter>
    </ClInclude>
    <ClInclude Include="externals\src\SDL3\SDL_scancode.h">
      <Filter>Header Files</Filter>
    </ClInclude>
    <ClInclude Include="externals\src\SDL3\SDL_sensor.h">
      <Filter>Header Files</Filter>
    </ClInclude>
    <ClInclude Include="externals\src\SDL3\SDL_stdinc.h">
      <Filter>Header Files</Filter>
    </ClInclude>
    <ClInclude Include="externals\src\SDL3\SDL_storage.h">
      <Filter>Header Files</Filter>
    </ClInclude>
    <ClInclude Include="externals\src\SDL3\SDL_surface.h">
      <Filter>Header Files</Filter>
    </ClInclude>
    <ClInclude Include="externals\src\SDL3\SDL_system.h">
      <Filter>Header Files</Filter>
    </ClInclude>
    <ClInclude Include="externals\src\SDL3\SDL_test.h">
      <Filter>Header Files</Filter>
    </ClInclude>
    <ClInclude Include="externals\src\SDL3\SDL_test_assert.h">
      <Filter>Header Files</Filter>
    </ClInclude>
    <ClInclude Include="externals\src\SDL3\SDL_test_common.h">
      <Filter>Header Files</Filter>
    </ClInclude>
    <ClInclude Include="externals\src\SDL3\SDL_test_compare.h">
      <Filter>Header Files</Filter>
    </ClInclude>
    <ClInclude Include="externals\src\SDL3\SDL_test_crc32.h">
      <Filter>Header Files</Filter>
    </ClInclude>
    <ClInclude Include="externals\src\SDL3\SDL_test_font.h">
      <Filter>Header Files</Filter>
    </ClInclude>
    <ClInclude Include="externals\src\SDL3\SDL_test_fuzzer.h">
      <Filter>Header Files</Filter>
    </ClInclude>
    <ClInclude Include="externals\src\SDL3\SDL_test_harness.h">
      <Filter>Header Files</Filter>
    </ClInclude>
    <ClInclude Include="externals\src\SDL3\SDL_test_log.h">
      <Filter>Header Files</Filter>
    </ClInclude>
    <ClInclude Include="externals\src\SDL3\SDL_test_md5.h">
      <Filter>Header Files</Filter>
    </ClInclude>
    <ClInclude Include="externals\src\SDL3\SDL_test_memory.h">
      <Filter>Header Files</Filter>
    </ClInclude>
    <ClInclude Include="externals\src\SDL3\SDL_thread.h">
      <Filter>Header Files</Filter>
    </ClInclude>
    <ClInclude Include="externals\src\SDL3\SDL_time.h">
      <Filter>Header Files</Filter>
    </ClInclude>
    <ClInclude Include="externals\src\SDL3\SDL_timer.h">
      <Filter>Header Files</Filter>
    </ClInclude>
    <ClInclude Include="externals\src\SDL3\SDL_touch.h">
      <Filter>Header Files</Filter>
    </ClInclude>
    <ClInclude Include="externals\src\SDL3\SDL_tray.h">
      <Filter>Header Files</Filter>
    </ClInclude>
    <ClInclude Include="externals\src\SDL3\SDL_version.h">
      <Filter>Header Files</Filter>
    </ClInclude>
    <ClInclude Include="externals\src\SDL3\SDL_video.h">
      <Filter>Header Files</Filter>
    </ClInclude>
    <ClInclude Include="externals\src\SDL3\SDL_vulkan.h">
      <Filter>Header Files</Filter>
    </ClInclude>
    <ClInclude Include="src\Mountain\Attributes.hpp">
      <Filter>Header Files</Filter>
    </ClInclude>
    <ClInclude Include="src\Mountain\CompilerSpecific.hpp">
      <Filter>Header Files</Filter>
    </ClInclude>
    <ClInclude Include="src\Mountain\Configuration.hpp">
      <Filter>Header Files</Filter>
    </ClInclude>
    <ClInclude Include="src\Mountain\Containers\Array.hpp">
      <Filter>Header Files</Filter>
    </ClInclude>
    <ClInclude Include="src\Mountain\Containers\ContiguousIterator.hpp">
      <Filter>Header Files</Filter>
    </ClInclude>
    <ClInclude Include="src\Mountain\Containers\EnumerableExt.hpp">
      <Filter>Header Files</Filter>
    </ClInclude>
    <ClInclude Include="src\Mountain\Containers\FunctionTypes.hpp">
      <Filter>Header Files</Filter>
    </ClInclude>
    <ClInclude Include="src\Mountain\Ecs\EntityList.hpp">
      <Filter>Header Files</Filter>
    </ClInclude>
    <ClInclude Include="src\Mountain\Ecs\Scene.hpp">
      <Filter>Header Files</Filter>
    </ClInclude>
    <ClInclude Include="src\Mountain\PrecompiledHeader.hpp">
      <Filter>Header Files</Filter>
    </ClInclude>
    <ClInclude Include="src\Mountain\Utils\DateTime.hpp">
      <Filter>Header Files</Filter>
    </ClInclude>
    <ClInclude Include="src\Mountain\Utils\Requirements.hpp">
      <Filter>Header Files</Filter>
    </ClInclude>
    <ClInclude Include="src\Mountain\ProfilerHeader.hpp">
      <Filter>Header Files</Filter>
    </ClInclude>
  </ItemGroup>
  <ItemGroup>
    <ClCompile Include="externals\src\glad.c">
      <Filter>Source Files</Filter>
    </ClCompile>
    <ClCompile Include="externals\src\ImGui\imgui.cpp">
      <Filter>Source Files</Filter>
    </ClCompile>
    <ClCompile Include="externals\src\ImGui\imgui_demo.cpp">
      <Filter>Source Files</Filter>
    </ClCompile>
    <ClCompile Include="externals\src\ImGui\imgui_draw.cpp">
      <Filter>Source Files</Filter>
    </ClCompile>
    <ClCompile Include="externals\src\ImGui\imgui_impl_opengl3.cpp">
      <Filter>Source Files</Filter>
    </ClCompile>
    <ClCompile Include="externals\src\ImGui\imgui_stdlib.cpp">
      <Filter>Source Files</Filter>
    </ClCompile>
    <ClCompile Include="externals\src\ImGui\imgui_tables.cpp">
      <Filter>Source Files</Filter>
    </ClCompile>
    <ClCompile Include="externals\src\ImGui\imgui_widgets.cpp">
      <Filter>Source Files</Filter>
    </ClCompile>
    <ClCompile Include="externals\src\minimp3.c">
      <Filter>Source Files</Filter>
    </ClCompile>
    <ClCompile Include="externals\src\RapidXMLSTD.cpp">
      <Filter>Source Files</Filter>
    </ClCompile>
    <ClCompile Include="externals\src\stb_image.c">
      <Filter>Source Files</Filter>
    </ClCompile>
    <ClCompile Include="externals\src\stb_vorbis.c">
      <Filter>Source Files</Filter>
    </ClCompile>
    <ClCompile Include="src\Mountain\audio\audio.cpp">
      <Filter>Source Files</Filter>
    </ClCompile>
    <ClCompile Include="src\Mountain\collision\circle.cpp">
      <Filter>Source Files</Filter>
    </ClCompile>
    <ClCompile Include="src\Mountain\collision\collider.cpp">
      <Filter>Source Files</Filter>
    </ClCompile>
    <ClCompile Include="src\Mountain\collision\grid.cpp">
      <Filter>Source Files</Filter>
    </ClCompile>
    <ClCompile Include="src\Mountain\collision\hitbox.cpp">
      <Filter>Source Files</Filter>
    </ClCompile>
    <ClCompile Include="src\Mountain\game.cpp">
      <Filter>Source Files</Filter>
    </ClCompile>
    <ClCompile Include="src\Mountain\input\input.cpp">
      <Filter>Source Files</Filter>
    </ClCompile>
    <ClCompile Include="src\Mountain\input\time.cpp">
      <Filter>Source Files</Filter>
    </ClCompile>
    <ClCompile Include="src\Mountain\rendering\draw.cpp">
      <Filter>Source Files</Filter>
    </ClCompile>
    <ClCompile Include="src\Mountain\rendering\renderer.cpp">
      <Filter>Source Files</Filter>
    </ClCompile>
    <ClCompile Include="src\Mountain\resource\font.cpp">
      <Filter>Source Files</Filter>
    </ClCompile>
    <ClCompile Include="src\Mountain\resource\resource.cpp">
      <Filter>Source Files</Filter>
    </ClCompile>
    <ClCompile Include="src\Mountain\resource\shader.cpp">
      <Filter>Source Files</Filter>
    </ClCompile>
    <ClCompile Include="src\Mountain\resource\texture.cpp">
      <Filter>Source Files</Filter>
    </ClCompile>
    <ClCompile Include="src\Mountain\screen.cpp">
      <Filter>Source Files</Filter>
    </ClCompile>
    <ClCompile Include="src\Mountain\utils\color.cpp">
      <Filter>Source Files</Filter>
    </ClCompile>
    <ClCompile Include="src\Mountain\utils\coroutine.cpp">
      <Filter>Source Files</Filter>
    </ClCompile>
    <ClCompile Include="src\Mountain\utils\guid.cpp">
      <Filter>Source Files</Filter>
    </ClCompile>
    <ClCompile Include="src\Mountain\utils\logger.cpp">
      <Filter>Source Files</Filter>
    </ClCompile>
    <ClCompile Include="src\Mountain\utils\random.cpp">
      <Filter>Source Files</Filter>
    </ClCompile>
    <ClCompile Include="src\Mountain\utils\utils.cpp">
      <Filter>Source Files</Filter>
    </ClCompile>
    <ClCompile Include="src\Mountain\utils\windows.cpp">
      <Filter>Source Files</Filter>
    </ClCompile>
    <ClCompile Include="src\Mountain\window.cpp">
      <Filter>Source Files</Filter>
    </ClCompile>
    <ClCompile Include="..\MathToolbox\src\Math\calc.cpp">
      <Filter>Source Files</Filter>
    </ClCompile>
    <ClCompile Include="..\MathToolbox\src\Math\easing.cpp">
      <Filter>Source Files</Filter>
    </ClCompile>
    <ClCompile Include="..\MathToolbox\src\Math\matrix.cpp">
      <Filter>Source Files</Filter>
    </ClCompile>
    <ClCompile Include="..\MathToolbox\src\Math\matrix2.cpp">
      <Filter>Source Files</Filter>
    </ClCompile>
    <ClCompile Include="..\MathToolbox\src\Math\matrix3.cpp">
      <Filter>Source Files</Filter>
    </ClCompile>
    <ClCompile Include="..\MathToolbox\src\Math\quaternion.cpp">
      <Filter>Source Files</Filter>
    </ClCompile>
    <ClCompile Include="..\MathToolbox\src\Math\vector2.cpp">
      <Filter>Source Files</Filter>
    </ClCompile>
    <ClCompile Include="..\MathToolbox\src\Math\vector2i.cpp">
      <Filter>Source Files</Filter>
    </ClCompile>
    <ClCompile Include="..\MathToolbox\src\Math\vector3.cpp">
      <Filter>Source Files</Filter>
    </ClCompile>
    <ClCompile Include="..\MathToolbox\src\Math\vector4.cpp">
      <Filter>Source Files</Filter>
    </ClCompile>
    <ClCompile Include="src\Mountain\Audio\AudioBuffer.cpp">
      <Filter>Source Files</Filter>
    </ClCompile>
    <ClCompile Include="src\Mountain\Audio\AudioContext.cpp">
      <Filter>Source Files</Filter>
    </ClCompile>
    <ClCompile Include="src\Mountain\Audio\AudioDevice.cpp">
      <Filter>Source Files</Filter>
    </ClCompile>
    <ClCompile Include="src\Mountain\BinaryResources\resource_holder.cpp">
      <Filter>Source Files</Filter>
    </ClCompile>
    <ClCompile Include="src\Mountain\Collision\ColliderList.cpp">
      <Filter>Source Files</Filter>
    </ClCompile>
    <ClCompile Include="src\Mountain\Collision\Collision.cpp">
      <Filter>Source Files</Filter>
    </ClCompile>
    <ClCompile Include="src\Mountain\Exceptions\ArgumentException.cpp">
      <Filter>Source Files</Filter>
    </ClCompile>
    <ClCompile Include="src\Mountain\Exceptions\Exception.cpp">
      <Filter>Source Files</Filter>
    </ClCompile>
    <ClCompile Include="src\Mountain\FileSystem\Directory.cpp">
      <Filter>Source Files</Filter>
    </ClCompile>
    <ClCompile Include="src\Mountain\FileSystem\Entry.cpp">
      <Filter>Source Files</Filter>
    </ClCompile>
    <ClCompile Include="src\Mountain\FileSystem\File.cpp">
      <Filter>Source Files</Filter>
    </ClCompile>
    <ClCompile Include="src\Mountain\FileSystem\FileManager.cpp">
      <Filter>Source Files</Filter>
    </ClCompile>
    <ClCompile Include="src\Mountain\Input\GamepadInput.cpp">
      <Filter>Source Files</Filter>
    </ClCompile>
    <ClCompile Include="src\Mountain\Rendering\Effect.cpp">
      <Filter>Source Files</Filter>
    </ClCompile>
    <ClCompile Include="src\Mountain\Rendering\GpuBuffer.cpp">
      <Filter>Source Files</Filter>
    </ClCompile>
    <ClCompile Include="src\Mountain\Rendering\GpuTexture.cpp">
      <Filter>Source Files</Filter>
    </ClCompile>
    <ClCompile Include="src\Mountain\Rendering\GpuVertexArray.cpp">
      <Filter>Source Files</Filter>
    </ClCompile>
    <ClCompile Include="src\Mountain\Rendering\Graphics.cpp">
      <Filter>Source Files</Filter>
    </ClCompile>
    <ClCompile Include="src\Mountain\Rendering\ParticleSystem.cpp">
      <Filter>Source Files</Filter>
    </ClCompile>
    <ClCompile Include="src\Mountain\Rendering\ParticleSystemModules.cpp">
      <Filter>Source Files</Filter>
    </ClCompile>
    <ClCompile Include="src\Mountain\Rendering\RenderTarget.cpp">
      <Filter>Source Files</Filter>
    </ClCompile>
    <ClCompile Include="src\Mountain\Resource\AudioTrack.cpp">
      <Filter>Source Files</Filter>
    </ClCompile>
    <ClCompile Include="src\Mountain\Resource\ComputeShader.cpp">
      <Filter>Source Files</Filter>
    </ClCompile>
    <ClCompile Include="src\Mountain\Resource\ResourceManager.cpp">
      <Filter>Source Files</Filter>
    </ClCompile>
    <ClCompile Include="src\Mountain\Resource\ShaderBase.cpp">
      <Filter>Source Files</Filter>
    </ClCompile>
    <ClCompile Include="src\Mountain\Ecs\Component\AudioListener.cpp">
      <Filter>Source Files</Filter>
    </ClCompile>
    <ClCompile Include="src\Mountain\Ecs\Component\AudioSource.cpp">
      <Filter>Source Files</Filter>
    </ClCompile>
    <ClCompile Include="src\Mountain\Ecs\Component\Component.cpp">
      <Filter>Source Files</Filter>
    </ClCompile>
    <ClCompile Include="src\Mountain\Ecs\Component\Sprite.cpp">
      <Filter>Source Files</Filter>
    </ClCompile>
    <ClCompile Include="src\Mountain\Ecs\Entity.cpp">
      <Filter>Source Files</Filter>
    </ClCompile>
    <ClCompile Include="src\Mountain\Utils\FileSystemWatcher.cpp">
      <Filter>Source Files</Filter>
    </ClCompile>
    <ClCompile Include="src\Mountain\Utils\ImGuiUtils.cpp">
      <Filter>Source Files</Filter>
    </ClCompile>
    <ClCompile Include="src\Mountain\Utils\MessageBox.cpp">
      <Filter>Source Files</Filter>
    </ClCompile>
    <ClCompile Include="src\Mountain\Utils\RunLengthEncoding.cpp">
      <Filter>Source Files</Filter>
    </ClCompile>
    <ClCompile Include="src\Mountain\Utils\Stopwatch.cpp">
      <Filter>Source Files</Filter>
    </ClCompile>
    <ClCompile Include="src\Mountain\Utils\TimeSpan.cpp">
      <Filter>Source Files</Filter>
    </ClCompile>
    <ClCompile Include="externals\src\ImGui\imgui_impl_sdl3.cpp">
      <Filter>Source Files</Filter>
    </ClCompile>
    <ClCompile Include="externals\src\mimalloc-new-delete.cpp">
      <Filter>Source Files</Filter>
    </ClCompile>
    <ClCompile Include="src\Mountain\Ecs\EntityList.cpp">
      <Filter>Source Files</Filter>
    </ClCompile>
    <ClCompile Include="src\Mountain\Ecs\Scene.cpp">
      <Filter>Source Files</Filter>
    </ClCompile>
    <ClCompile Include="src\Mountain\PrecompiledHeader.cpp">
      <Filter>Source Files</Filter>
    </ClCompile>
    <ClCompile Include="src\Mountain\Utils\DateTime.cpp">
      <Filter>Source Files</Filter>
    </ClCompile>
  </ItemGroup>
  <ItemGroup>
    <Natvis Include="Mountain.natvis" />
  </ItemGroup>
</Project>