<?xml version="1.0" encoding="utf-8"?>
<Project ToolsVersion="4.0" xmlns="http://schemas.microsoft.com/developer/msbuild/2003">
  <ItemGroup>
    <Filter Include="Source Files">
      <UniqueIdentifier>{4FC737F1-C7A5-4376-A066-2A32D752A2FF}</UniqueIdentifier>
      <Extensions>cpp;c;cc;cxx;c++;cppm;ixx;def;odl;idl;hpj;bat;asm;asmx</Extensions>
    </Filter>
    <Filter Include="Header Files">
      <UniqueIdentifier>{93995380-89BD-4b04-88EB-625FBE52EBFB}</UniqueIdentifier>
      <Extensions>h;hh;hpp;hxx;h++;hm;inl;inc;ipp;xsd</Extensions>
    </Filter>
    <Filter Include="Resource Files">
      <UniqueIdentifier>{67DA6AB6-F800-4c08-8B7A-83BB121AAD01}</UniqueIdentifier>
      <Extensions>rc;ico;cur;bmp;dlg;rc2;rct;bin;rgs;gif;jpg;jpeg;jpe;resx;tiff;tif;png;wav;mfcribbon-ms</Extensions>
    </Filter>
  </ItemGroup>
  <ItemGroup>
    <ClInclude Include="include\rendering\renderer.hpp">
      <Filter>Header Files</Filter>
    </ClInclude>
    <ClInclude Include="include\rendering\draw.hpp">
      <Filter>Header Files</Filter>
    </ClInclude>
    <ClInclude Include="include\game.hpp">
      <Filter>Header Files</Filter>
    </ClInclude>
    <ClInclude Include="binary_resources\embedded_resources\resource_10560615441756428011.hpp">
      <Filter>Header Files</Filter>
    </ClInclude>
    <ClInclude Include="binary_resources\embedded_resources\resource_12540647052611605547.hpp">
      <Filter>Header Files</Filter>
    </ClInclude>
    <ClInclude Include="binary_resources\embedded_resources\resource_13130013495108453755.hpp">
      <Filter>Header Files</Filter>
    </ClInclude>
    <ClInclude Include="binary_resources\embedded_resources\resource_16475344919504352316.hpp">
      <Filter>Header Files</Filter>
    </ClInclude>
    <ClInclude Include="binary_resources\embedded_resources\resource_17139022876316836076.hpp">
      <Filter>Header Files</Filter>
    </ClInclude>
    <ClInclude Include="binary_resources\embedded_resources\resource_5290845577426867131.hpp">
      <Filter>Header Files</Filter>
    </ClInclude>
    <ClInclude Include="binary_resources\embedded_resources\resource_7344767717205508100.hpp">
      <Filter>Header Files</Filter>
    </ClInclude>
    <ClInclude Include="binary_resources\embedded_resources\resource_8397852258098769587.hpp">
      <Filter>Header Files</Filter>
    </ClInclude>
    <ClInclude Include="binary_resources\embedded_resources\resource_8915932256763674668.hpp">
      <Filter>Header Files</Filter>
    </ClInclude>
    <ClInclude Include="binary_resources\embedded_resources\resource_918666155165273692.hpp">
      <Filter>Header Files</Filter>
    </ClInclude>
    <ClInclude Include="binary_resources\embedded_resources\resource_9650581743241132555.hpp">
      <Filter>Header Files</Filter>
    </ClInclude>
    <ClInclude Include="binary_resources\embedded_resources\resource_9914516617300152348.hpp">
      <Filter>Header Files</Filter>
    </ClInclude>
    <ClInclude Include="binary_resources\resource.hpp">
      <Filter>Header Files</Filter>
    </ClInclude>
    <ClInclude Include="binary_resources\resource_holder.hpp">
      <Filter>Header Files</Filter>
    </ClInclude>
    <ClInclude Include="binary_resources\span.hpp">
      <Filter>Header Files</Filter>
    </ClInclude>
    <ClInclude Include="externals\include\AL\al.h">
      <Filter>Header Files</Filter>
    </ClInclude>
    <ClInclude Include="externals\include\AL\alc.h">
      <Filter>Header Files</Filter>
    </ClInclude>
    <ClInclude Include="externals\include\AL\alext.h">
      <Filter>Header Files</Filter>
    </ClInclude>
    <ClInclude Include="externals\include\AL\efx-creative.h">
      <Filter>Header Files</Filter>
    </ClInclude>
    <ClInclude Include="externals\include\AL\efx-presets.h">
      <Filter>Header Files</Filter>
    </ClInclude>
    <ClInclude Include="externals\include\AL\efx.h">
      <Filter>Header Files</Filter>
    </ClInclude>
    <ClInclude Include="externals\include\freetype\config\ftconfig.h">
      <Filter>Header Files</Filter>
    </ClInclude>
    <ClInclude Include="externals\include\freetype\config\ftheader.h">
      <Filter>Header Files</Filter>
    </ClInclude>
    <ClInclude Include="externals\include\freetype\config\ftmodule.h">
      <Filter>Header Files</Filter>
    </ClInclude>
    <ClInclude Include="externals\include\freetype\config\ftoption.h">
      <Filter>Header Files</Filter>
    </ClInclude>
    <ClInclude Include="externals\include\freetype\config\ftstdlib.h">
      <Filter>Header Files</Filter>
    </ClInclude>
    <ClInclude Include="externals\include\freetype\config\integer-types.h">
      <Filter>Header Files</Filter>
    </ClInclude>
    <ClInclude Include="externals\include\freetype\config\mac-support.h">
      <Filter>Header Files</Filter>
    </ClInclude>
    <ClInclude Include="externals\include\freetype\config\public-macros.h">
      <Filter>Header Files</Filter>
    </ClInclude>
    <ClInclude Include="externals\include\freetype\freetype.h">
      <Filter>Header Files</Filter>
    </ClInclude>
    <ClInclude Include="externals\include\freetype\ftadvanc.h">
      <Filter>Header Files</Filter>
    </ClInclude>
    <ClInclude Include="externals\include\freetype\ftbbox.h">
      <Filter>Header Files</Filter>
    </ClInclude>
    <ClInclude Include="externals\include\freetype\ftbdf.h">
      <Filter>Header Files</Filter>
    </ClInclude>
    <ClInclude Include="externals\include\freetype\ftbitmap.h">
      <Filter>Header Files</Filter>
    </ClInclude>
    <ClInclude Include="externals\include\freetype\ftbzip2.h">
      <Filter>Header Files</Filter>
    </ClInclude>
    <ClInclude Include="externals\include\freetype\ftcache.h">
      <Filter>Header Files</Filter>
    </ClInclude>
    <ClInclude Include="externals\include\freetype\ftchapters.h">
      <Filter>Header Files</Filter>
    </ClInclude>
    <ClInclude Include="externals\include\freetype\ftcid.h">
      <Filter>Header Files</Filter>
    </ClInclude>
    <ClInclude Include="externals\include\freetype\ftcolor.h">
      <Filter>Header Files</Filter>
    </ClInclude>
    <ClInclude Include="externals\include\freetype\ftdriver.h">
      <Filter>Header Files</Filter>
    </ClInclude>
    <ClInclude Include="externals\include\freetype\fterrdef.h">
      <Filter>Header Files</Filter>
    </ClInclude>
    <ClInclude Include="externals\include\freetype\fterrors.h">
      <Filter>Header Files</Filter>
    </ClInclude>
    <ClInclude Include="externals\include\freetype\ftfntfmt.h">
      <Filter>Header Files</Filter>
    </ClInclude>
    <ClInclude Include="externals\include\freetype\ftgasp.h">
      <Filter>Header Files</Filter>
    </ClInclude>
    <ClInclude Include="externals\include\freetype\ftglyph.h">
      <Filter>Header Files</Filter>
    </ClInclude>
    <ClInclude Include="externals\include\freetype\ftgxval.h">
      <Filter>Header Files</Filter>
    </ClInclude>
    <ClInclude Include="externals\include\freetype\ftgzip.h">
      <Filter>Header Files</Filter>
    </ClInclude>
    <ClInclude Include="externals\include\freetype\ftimage.h">
      <Filter>Header Files</Filter>
    </ClInclude>
    <ClInclude Include="externals\include\freetype\ftincrem.h">
      <Filter>Header Files</Filter>
    </ClInclude>
    <ClInclude Include="externals\include\freetype\ftlcdfil.h">
      <Filter>Header Files</Filter>
    </ClInclude>
    <ClInclude Include="externals\include\freetype\ftlist.h">
      <Filter>Header Files</Filter>
    </ClInclude>
    <ClInclude Include="externals\include\freetype\ftlogging.h">
      <Filter>Header Files</Filter>
    </ClInclude>
    <ClInclude Include="externals\include\freetype\ftlzw.h">
      <Filter>Header Files</Filter>
    </ClInclude>
    <ClInclude Include="externals\include\freetype\ftmac.h">
      <Filter>Header Files</Filter>
    </ClInclude>
    <ClInclude Include="externals\include\freetype\ftmm.h">
      <Filter>Header Files</Filter>
    </ClInclude>
    <ClInclude Include="externals\include\freetype\ftmodapi.h">
      <Filter>Header Files</Filter>
    </ClInclude>
    <ClInclude Include="externals\include\freetype\ftmoderr.h">
      <Filter>Header Files</Filter>
    </ClInclude>
    <ClInclude Include="externals\include\freetype\ftotval.h">
      <Filter>Header Files</Filter>
    </ClInclude>
    <ClInclude Include="externals\include\freetype\ftoutln.h">
      <Filter>Header Files</Filter>
    </ClInclude>
    <ClInclude Include="externals\include\freetype\ftparams.h">
      <Filter>Header Files</Filter>
    </ClInclude>
    <ClInclude Include="externals\include\freetype\ftpfr.h">
      <Filter>Header Files</Filter>
    </ClInclude>
    <ClInclude Include="externals\include\freetype\ftrender.h">
      <Filter>Header Files</Filter>
    </ClInclude>
    <ClInclude Include="externals\include\freetype\ftsizes.h">
      <Filter>Header Files</Filter>
    </ClInclude>
    <ClInclude Include="externals\include\freetype\ftsnames.h">
      <Filter>Header Files</Filter>
    </ClInclude>
    <ClInclude Include="externals\include\freetype\ftstroke.h">
      <Filter>Header Files</Filter>
    </ClInclude>
    <ClInclude Include="externals\include\freetype\ftsynth.h">
      <Filter>Header Files</Filter>
    </ClInclude>
    <ClInclude Include="externals\include\freetype\ftsystem.h">
      <Filter>Header Files</Filter>
    </ClInclude>
    <ClInclude Include="externals\include\freetype\fttrigon.h">
      <Filter>Header Files</Filter>
    </ClInclude>
    <ClInclude Include="externals\include\freetype\fttypes.h">
      <Filter>Header Files</Filter>
    </ClInclude>
    <ClInclude Include="externals\include\freetype\ftwinfnt.h">
      <Filter>Header Files</Filter>
    </ClInclude>
    <ClInclude Include="externals\include\freetype\otsvg.h">
      <Filter>Header Files</Filter>
    </ClInclude>
    <ClInclude Include="externals\include\freetype\t1tables.h">
      <Filter>Header Files</Filter>
    </ClInclude>
    <ClInclude Include="externals\include\freetype\ttnameid.h">
      <Filter>Header Files</Filter>
    </ClInclude>
    <ClInclude Include="externals\include\freetype\tttables.h">
      <Filter>Header Files</Filter>
    </ClInclude>
    <ClInclude Include="externals\include\freetype\tttags.h">
      <Filter>Header Files</Filter>
    </ClInclude>
    <ClInclude Include="externals\include\ft2build.h">
      <Filter>Header Files</Filter>
    </ClInclude>
    <ClInclude Include="externals\include\glad\glad.h">
      <Filter>Header Files</Filter>
    </ClInclude>
    <ClInclude Include="externals\include\GLFW\glfw3.h">
      <Filter>Header Files</Filter>
    </ClInclude>
    <ClInclude Include="externals\include\GLFW\glfw3native.h">
      <Filter>Header Files</Filter>
    </ClInclude>
    <ClInclude Include="externals\include\ImGui\imconfig.h">
      <Filter>Header Files</Filter>
    </ClInclude>
    <ClInclude Include="externals\include\ImGui\imgui.h">
      <Filter>Header Files</Filter>
    </ClInclude>
    <ClInclude Include="externals\include\ImGui\imgui_impl_glfw.h">
      <Filter>Header Files</Filter>
    </ClInclude>
    <ClInclude Include="externals\include\ImGui\imgui_impl_opengl3.h">
      <Filter>Header Files</Filter>
    </ClInclude>
    <ClInclude Include="externals\include\ImGui\imgui_impl_opengl3_loader.h">
      <Filter>Header Files</Filter>
    </ClInclude>
    <ClInclude Include="externals\include\ImGui\imgui_internal.h">
      <Filter>Header Files</Filter>
    </ClInclude>
    <ClInclude Include="externals\include\ImGui\imgui_stdlib.h">
      <Filter>Header Files</Filter>
    </ClInclude>
    <ClInclude Include="externals\include\ImGui\imstb_rectpack.h">
      <Filter>Header Files</Filter>
    </ClInclude>
    <ClInclude Include="externals\include\ImGui\imstb_textedit.h">
      <Filter>Header Files</Filter>
    </ClInclude>
    <ClInclude Include="externals\include\ImGui\imstb_truetype.h">
      <Filter>Header Files</Filter>
    </ClInclude>
    <ClInclude Include="externals\include\KHR\khrplatform.h">
      <Filter>Header Files</Filter>
    </ClInclude>
    <ClInclude Include="externals\include\magic_enum\magic_enum.hpp">
      <Filter>Header Files</Filter>
    </ClInclude>
    <ClInclude Include="externals\include\magic_enum\magic_enum_all.hpp">
      <Filter>Header Files</Filter>
    </ClInclude>
    <ClInclude Include="externals\include\magic_enum\magic_enum_containers.hpp">
      <Filter>Header Files</Filter>
    </ClInclude>
    <ClInclude Include="externals\include\magic_enum\magic_enum_flags.hpp">
      <Filter>Header Files</Filter>
    </ClInclude>
    <ClInclude Include="externals\include\magic_enum\magic_enum_format.hpp">
      <Filter>Header Files</Filter>
    </ClInclude>
    <ClInclude Include="externals\include\magic_enum\magic_enum_fuse.hpp">
      <Filter>Header Files</Filter>
    </ClInclude>
    <ClInclude Include="externals\include\magic_enum\magic_enum_iostream.hpp">
      <Filter>Header Files</Filter>
    </ClInclude>
    <ClInclude Include="externals\include\magic_enum\magic_enum_switch.hpp">
      <Filter>Header Files</Filter>
    </ClInclude>
    <ClInclude Include="externals\include\magic_enum\magic_enum_utility.hpp">
      <Filter>Header Files</Filter>
    </ClInclude>
    <ClInclude Include="externals\include\Maths\calc.hpp">
      <Filter>Header Files</Filter>
    </ClInclude>
    <ClInclude Include="externals\include\Maths\definitions.hpp">
      <Filter>Header Files</Filter>
    </ClInclude>
    <ClInclude Include="externals\include\Maths\easing.hpp">
      <Filter>Header Files</Filter>
    </ClInclude>
    <ClInclude Include="externals\include\Maths\math.hpp">
      <Filter>Header Files</Filter>
    </ClInclude>
    <ClInclude Include="externals\include\Maths\matrix.hpp">
      <Filter>Header Files</Filter>
    </ClInclude>
    <ClInclude Include="externals\include\Maths\matrix3.hpp">
      <Filter>Header Files</Filter>
    </ClInclude>
    <ClInclude Include="externals\include\Maths\quaternion.hpp">
      <Filter>Header Files</Filter>
    </ClInclude>
    <ClInclude Include="externals\include\Maths\vector2.hpp">
      <Filter>Header Files</Filter>
    </ClInclude>
    <ClInclude Include="externals\include\Maths\vector2i.hpp">
      <Filter>Header Files</Filter>
    </ClInclude>
    <ClInclude Include="externals\include\Maths\vector3.hpp">
      <Filter>Header Files</Filter>
    </ClInclude>
    <ClInclude Include="externals\include\Maths\vector4.hpp">
      <Filter>Header Files</Filter>
    </ClInclude>
    <ClInclude Include="externals\include\minimp3.h">
      <Filter>Header Files</Filter>
    </ClInclude>
    <ClInclude Include="externals\include\minimp3_ex.h">
      <Filter>Header Files</Filter>
    </ClInclude>
    <ClInclude Include="externals\include\RapidXML\rapidxml.hpp">
      <Filter>Header Files</Filter>
    </ClInclude>
    <ClInclude Include="externals\include\RapidXML\RapidXMLSTD.hpp">
      <Filter>Header Files</Filter>
    </ClInclude>
    <ClInclude Include="externals\include\RapidXML\rapidxml_iterators.hpp">
      <Filter>Header Files</Filter>
    </ClInclude>
    <ClInclude Include="externals\include\RapidXML\rapidxml_print.hpp">
      <Filter>Header Files</Filter>
    </ClInclude>
    <ClInclude Include="externals\include\RapidXML\rapidxml_utils.hpp">
      <Filter>Header Files</Filter>
    </ClInclude>
    <ClInclude Include="externals\include\stb_image.h">
      <Filter>Header Files</Filter>
    </ClInclude>
    <ClInclude Include="externals\include\stb_vorbis.h">
      <Filter>Header Files</Filter>
    </ClInclude>
    <ClInclude Include="include\audio\audio.hpp">
      <Filter>Header Files</Filter>
    </ClInclude>
    <ClInclude Include="include\audio\audio_buffer.hpp">
      <Filter>Header Files</Filter>
    </ClInclude>
    <ClInclude Include="include\audio\audio_context.hpp">
      <Filter>Header Files</Filter>
    </ClInclude>
    <ClInclude Include="include\audio\audio_device.hpp">
      <Filter>Header Files</Filter>
    </ClInclude>
    <ClInclude Include="include\audio\component\audio_listener.hpp">
      <Filter>Header Files</Filter>
    </ClInclude>
    <ClInclude Include="include\audio\component\audio_source.hpp">
      <Filter>Header Files</Filter>
    </ClInclude>
    <ClInclude Include="include\collision\circle.hpp">
      <Filter>Header Files</Filter>
    </ClInclude>
    <ClInclude Include="include\collision\collide.hpp">
      <Filter>Header Files</Filter>
    </ClInclude>
    <ClInclude Include="include\collision\collider.hpp">
      <Filter>Header Files</Filter>
    </ClInclude>
    <ClInclude Include="include\collision\collider_list.hpp">
      <Filter>Header Files</Filter>
    </ClInclude>
    <ClInclude Include="include\collision\grid.hpp">
      <Filter>Header Files</Filter>
    </ClInclude>
    <ClInclude Include="include\collision\hitbox.hpp">
      <Filter>Header Files</Filter>
    </ClInclude>
    <ClInclude Include="include\core.hpp">
      <Filter>Header Files</Filter>
    </ClInclude>
    <ClInclude Include="include\file\directory.hpp">
      <Filter>Header Files</Filter>
    </ClInclude>
    <ClInclude Include="include\file\entry.hpp">
      <Filter>Header Files</Filter>
    </ClInclude>
    <ClInclude Include="include\file\file.hpp">
      <Filter>Header Files</Filter>
    </ClInclude>
    <ClInclude Include="include\file\file_manager.hpp">
      <Filter>Header Files</Filter>
    </ClInclude>
    <ClInclude Include="include\input\gamepad_input.hpp">
      <Filter>Header Files</Filter>
    </ClInclude>
    <ClInclude Include="include\input\input.hpp">
      <Filter>Header Files</Filter>
    </ClInclude>
    <ClInclude Include="include\input\keyboard_input.hpp">
      <Filter>Header Files</Filter>
    </ClInclude>
    <ClInclude Include="include\input\mouse_input.hpp">
      <Filter>Header Files</Filter>
    </ClInclude>
    <ClInclude Include="include\input\time.hpp">
      <Filter>Header Files</Filter>
    </ClInclude>
    <ClInclude Include="include\rendering\render_target.hpp">
      <Filter>Header Files</Filter>
    </ClInclude>
    <ClInclude Include="include\resource\audio_track.hpp">
      <Filter>Header Files</Filter>
    </ClInclude>
    <ClInclude Include="include\resource\font.hpp">
      <Filter>Header Files</Filter>
    </ClInclude>
    <ClInclude Include="include\resource\resource.hpp">
      <Filter>Header Files</Filter>
    </ClInclude>
    <ClInclude Include="include\resource\resource_manager.hpp">
      <Filter>Header Files</Filter>
    </ClInclude>
    <ClInclude Include="include\resource\shader.hpp">
      <Filter>Header Files</Filter>
    </ClInclude>
    <ClInclude Include="include\resource\texture.hpp">
      <Filter>Header Files</Filter>
    </ClInclude>
    <ClInclude Include="include\scene\component.hpp">
      <Filter>Header Files</Filter>
    </ClInclude>
    <ClInclude Include="include\scene\entity.hpp">
      <Filter>Header Files</Filter>
    </ClInclude>
    <ClInclude Include="include\screen.hpp">
      <Filter>Header Files</Filter>
    </ClInclude>
    <ClInclude Include="include\utils\color.hpp">
      <Filter>Header Files</Filter>
    </ClInclude>
    <ClInclude Include="include\utils\concepts.hpp">
      <Filter>Header Files</Filter>
    </ClInclude>
    <ClInclude Include="include\utils\coroutine.hpp">
      <Filter>Header Files</Filter>
    </ClInclude>
    <ClInclude Include="include\utils\event.hpp">
      <Filter>Header Files</Filter>
    </ClInclude>
    <ClInclude Include="include\utils\file_system_watcher.hpp">
      <Filter>Header Files</Filter>
    </ClInclude>
    <ClInclude Include="include\utils\formatter.hpp">
      <Filter>Header Files</Filter>
    </ClInclude>
    <ClInclude Include="include\utils\guid.hpp">
      <Filter>Header Files</Filter>
    </ClInclude>
    <ClInclude Include="include\utils\imgui_utils.hpp">
      <Filter>Header Files</Filter>
    </ClInclude>
    <ClInclude Include="include\utils\list.hpp">
      <Filter>Header Files</Filter>
    </ClInclude>
    <ClInclude Include="include\utils\logger.hpp">
      <Filter>Header Files</Filter>
    </ClInclude>
    <ClInclude Include="include\utils\message_box.hpp">
      <Filter>Header Files</Filter>
    </ClInclude>
    <ClInclude Include="include\utils\meta_programming.hpp">
      <Filter>Header Files</Filter>
    </ClInclude>
    <ClInclude Include="include\utils\pointer.hpp">
      <Filter>Header Files</Filter>
    </ClInclude>
    <ClInclude Include="include\utils\random.hpp">
      <Filter>Header Files</Filter>
    </ClInclude>
    <ClInclude Include="include\utils\rectangle.hpp">
      <Filter>Header Files</Filter>
    </ClInclude>
    <ClInclude Include="include\utils\reference_counter.hpp">
      <Filter>Header Files</Filter>
    </ClInclude>
    <ClInclude Include="include\utils\run_length_encoding.hpp">
      <Filter>Header Files</Filter>
    </ClInclude>
    <ClInclude Include="include\utils\ts_queue.hpp">
      <Filter>Header Files</Filter>
    </ClInclude>
    <ClInclude Include="include\utils\utils.hpp">
      <Filter>Header Files</Filter>
    </ClInclude>
    <ClInclude Include="include\utils\windows.hpp">
      <Filter>Header Files</Filter>
    </ClInclude>
    <ClInclude Include="include\window.hpp">
      <Filter>Header Files</Filter>
    </ClInclude>
    <ClInclude Include="inline\collision\hitbox.inl">
      <Filter>Header Files</Filter>
    </ClInclude>
    <ClInclude Include="inline\file\file.inl">
      <Filter>Header Files</Filter>
    </ClInclude>
    <ClInclude Include="inline\file\file_manager.inl">
      <Filter>Header Files</Filter>
    </ClInclude>
    <ClInclude Include="inline\rendering\draw.inl">
      <Filter>Header Files</Filter>
    </ClInclude>
    <ClInclude Include="inline\resource\audio_track.inl">
      <Filter>Header Files</Filter>
    </ClInclude>
    <ClInclude Include="inline\resource\resource_manager.inl">
      <Filter>Header Files</Filter>
    </ClInclude>
    <ClInclude Include="inline\resource\texture.inl">
      <Filter>Header Files</Filter>
    </ClInclude>
    <ClInclude Include="inline\scene\entity.inl">
      <Filter>Header Files</Filter>
    </ClInclude>
    <ClInclude Include="inline\utils\color.inl">
      <Filter>Header Files</Filter>
    </ClInclude>
    <ClInclude Include="inline\utils\event.inl">
      <Filter>Header Files</Filter>
    </ClInclude>
    <ClInclude Include="inline\utils\list.inl">
      <Filter>Header Files</Filter>
    </ClInclude>
    <ClInclude Include="inline\utils\logger.inl">
      <Filter>Header Files</Filter>
    </ClInclude>
    <ClInclude Include="inline\utils\pointer.inl">
      <Filter>Header Files</Filter>
    </ClInclude>
    <ClInclude Include="inline\utils\rectangle.inl">
      <Filter>Header Files</Filter>
    </ClInclude>
    <ClInclude Include="inline\utils\reference_counter.inl">
      <Filter>Header Files</Filter>
    </ClInclude>
    <ClInclude Include="inline\utils\ts_queue.inl">
      <Filter>Header Files</Filter>
    </ClInclude>
    <ClInclude Include="inline\utils\utils.inl">
      <Filter>Header Files</Filter>
    </ClInclude>
  </ItemGroup>
  <ItemGroup>
    <ClCompile Include="src\rendering\renderer.cpp">
      <Filter>Source Files</Filter>
    </ClCompile>
    <ClCompile Include="src\rendering\draw.cpp">
      <Filter>Source Files</Filter>
    </ClCompile>
    <ClCompile Include="src\game.cpp">
      <Filter>Source Files</Filter>
    </ClCompile>
    <ClCompile Include="externals\src\glad.c">
      <Filter>Source Files</Filter>
    </ClCompile>
    <ClCompile Include="externals\src\ImGui\imgui.cpp">
      <Filter>Source Files</Filter>
    </ClCompile>
    <ClCompile Include="externals\src\ImGui\imgui_demo.cpp">
      <Filter>Source Files</Filter>
    </ClCompile>
    <ClCompile Include="externals\src\ImGui\imgui_draw.cpp">
      <Filter>Source Files</Filter>
    </ClCompile>
    <ClCompile Include="externals\src\ImGui\imgui_impl_glfw.cpp">
      <Filter>Source Files</Filter>
    </ClCompile>
    <ClCompile Include="externals\src\ImGui\imgui_impl_opengl3.cpp">
      <Filter>Source Files</Filter>
    </ClCompile>
    <ClCompile Include="externals\src\ImGui\imgui_stdlib.cpp">
      <Filter>Source Files</Filter>
    </ClCompile>
    <ClCompile Include="externals\src\ImGui\imgui_tables.cpp">
      <Filter>Source Files</Filter>
    </ClCompile>
    <ClCompile Include="externals\src\ImGui\imgui_widgets.cpp">
      <Filter>Source Files</Filter>
    </ClCompile>
    <ClCompile Include="externals\src\minimp3.c">
      <Filter>Source Files</Filter>
    </ClCompile>
    <ClCompile Include="externals\src\RapidXMLSTD.cpp">
      <Filter>Source Files</Filter>
    </ClCompile>
    <ClCompile Include="externals\src\stb_image.c">
      <Filter>Source Files</Filter>
    </ClCompile>
    <ClCompile Include="externals\src\stb_vorbis.c">
      <Filter>Source Files</Filter>
    </ClCompile>
    <ClCompile Include="src\audio\audio.cpp">
      <Filter>Source Files</Filter>
    </ClCompile>
    <ClCompile Include="src\audio\audio_buffer.cpp">
      <Filter>Source Files</Filter>
    </ClCompile>
    <ClCompile Include="src\audio\audio_context.cpp">
      <Filter>Source Files</Filter>
    </ClCompile>
    <ClCompile Include="src\audio\audio_device.cpp">
      <Filter>Source Files</Filter>
    </ClCompile>
    <ClCompile Include="src\audio\component\audio_listener.cpp">
      <Filter>Source Files</Filter>
    </ClCompile>
    <ClCompile Include="src\audio\component\audio_source.cpp">
      <Filter>Source Files</Filter>
    </ClCompile>
    <ClCompile Include="src\collision\circle.cpp">
      <Filter>Source Files</Filter>
    </ClCompile>
    <ClCompile Include="src\collision\collide.cpp">
      <Filter>Source Files</Filter>
    </ClCompile>
    <ClCompile Include="src\collision\collider.cpp">
      <Filter>Source Files</Filter>
    </ClCompile>
    <ClCompile Include="src\collision\collider_list.cpp">
      <Filter>Source Files</Filter>
    </ClCompile>
    <ClCompile Include="src\collision\grid.cpp">
      <Filter>Source Files</Filter>
    </ClCompile>
    <ClCompile Include="src\collision\hitbox.cpp">
      <Filter>Source Files</Filter>
    </ClCompile>
    <ClCompile Include="src\file\directory.cpp">
      <Filter>Source Files</Filter>
    </ClCompile>
    <ClCompile Include="src\file\entry.cpp">
      <Filter>Source Files</Filter>
    </ClCompile>
    <ClCompile Include="src\file\file.cpp">
      <Filter>Source Files</Filter>
    </ClCompile>
    <ClCompile Include="src\file\file_manager.cpp">
      <Filter>Source Files</Filter>
    </ClCompile>
    <ClCompile Include="src\input\gamepad_input.cpp">
      <Filter>Source Files</Filter>
    </ClCompile>
    <ClCompile Include="src\input\input.cpp">
      <Filter>Source Files</Filter>
    </ClCompile>
    <ClCompile Include="src\input\time.cpp">
      <Filter>Source Files</Filter>
    </ClCompile>
    <ClCompile Include="src\rendering\render_target.cpp">
      <Filter>Source Files</Filter>
    </ClCompile>
    <ClCompile Include="src\resource\audio_track.cpp">
      <Filter>Source Files</Filter>
    </ClCompile>
    <ClCompile Include="src\resource\font.cpp">
      <Filter>Source Files</Filter>
    </ClCompile>
    <ClCompile Include="src\resource\resource.cpp">
      <Filter>Source Files</Filter>
    </ClCompile>
    <ClCompile Include="src\resource\resource_manager.cpp">
      <Filter>Source Files</Filter>
    </ClCompile>
    <ClCompile Include="src\resource\shader.cpp">
      <Filter>Source Files</Filter>
    </ClCompile>
    <ClCompile Include="src\resource\texture.cpp">
      <Filter>Source Files</Filter>
    </ClCompile>
    <ClCompile Include="src\scene\component.cpp">
      <Filter>Source Files</Filter>
    </ClCompile>
    <ClCompile Include="src\scene\entity.cpp">
      <Filter>Source Files</Filter>
    </ClCompile>
    <ClCompile Include="src\screen.cpp">
      <Filter>Source Files</Filter>
    </ClCompile>
    <ClCompile Include="src\utils\color.cpp">
      <Filter>Source Files</Filter>
    </ClCompile>
    <ClCompile Include="src\utils\coroutine.cpp">
      <Filter>Source Files</Filter>
    </ClCompile>
    <ClCompile Include="src\utils\file_system_watcher.cpp">
      <Filter>Source Files</Filter>
    </ClCompile>
    <ClCompile Include="src\utils\guid.cpp">
      <Filter>Source Files</Filter>
    </ClCompile>
    <ClCompile Include="src\utils\imgui_utils.cpp">
      <Filter>Source Files</Filter>
    </ClCompile>
    <ClCompile Include="src\utils\logger.cpp">
      <Filter>Source Files</Filter>
    </ClCompile>
    <ClCompile Include="src\utils\message_box.cpp">
      <Filter>Source Files</Filter>
    </ClCompile>
    <ClCompile Include="src\utils\random.cpp">
      <Filter>Source Files</Filter>
    </ClCompile>
    <ClCompile Include="src\utils\run_length_encoding.cpp">
      <Filter>Source Files</Filter>
    </ClCompile>
    <ClCompile Include="src\utils\utils.cpp">
      <Filter>Source Files</Filter>
    </ClCompile>
    <ClCompile Include="src\utils\windows.cpp">
      <Filter>Source Files</Filter>
    </ClCompile>
    <ClCompile Include="src\window.cpp">
      <Filter>Source Files</Filter>
    </ClCompile>
  </ItemGroup>
  <ItemGroup>
    <Natvis Include="NatvisFile.natvis" />
  </ItemGroup>
</Project>